
Microsoft Visual Studio Solution File, Format Version 12.00
# Visual Studio Version 17
VisualStudioVersion = 17.5.33414.496
MinimumVisualStudioVersion = 10.0.40219.1
Project("{FAE04EC0-301F-11D3-BF4B-00C04F79EFBC}") = "CustomerDbFirst", "CustomerDbFirst\CustomerDbFirst.csproj", "{FB87E7F2-E246-4383-87E0-C6F69C296F36}"
EndProject
Global
	GlobalSection(SolutionConfigurationPlatforms) = preSolution
		Debug|Any CPU = Debug|Any CPU
		Release|Any CPU = Release|Any CPU
	EndGlobalSection
	GlobalSection(ProjectConfigurationPlatforms) = postSolution
		{FB87E7F2-E246-4383-87E0-C6F69C296F36}.Debug|Any CPU.ActiveCfg = Debug|Any CPU
		{FB87E7F2-E246-4383-87E0-C6F69C296F36}.Debug|Any CPU.Build.0 = Debug|Any CPU
		{FB87E7F2-E246-4383-87E0-C6F69C296F36}.Release|Any CPU.ActiveCfg = Release|Any CPU
		{FB87E7F2-E246-4383-87E0-C6F69C296F36}.Release|Any CPU.Build.0 = Release|Any CPU
	EndGlobalSection
	GlobalSection(SolutionProperties) = preSolution
		HideSolutionNode = FALSE
	EndGlobalSection
	GlobalSection(ExtensibilityGlobals) = postSolution
		SolutionGuid = {D3080D7F-FBF8-4CC8-82A4-FDD2B04A74BB}
	EndGlobalSection
EndGlobal
